schema: '2.0'
stages:
  load_data:
    cmd: python src/load_data.py --config=params.yaml
    deps:
    - path: data_given/winequality.csv
      md5: ccc8d3507eb151f53f760d36abdef888
      size: 91998
    - path: src/get_data.py
      md5: 9e661f910ffdfe8885660ec764b62b1b
      size: 674
    - path: src/load_data.py
      md5: c486eec1dea5241e8f267e248d54b0b5
      size: 728
    outs:
    - path: data/raw/winequality.csv
      md5: d98e8f2eca228c11c4de1cc96866a54d
      size: 93598
  split_data:
    cmd: python src/split_data.py --config=params.yaml
    deps:
    - path: data/raw/winequality.csv
      md5: d98e8f2eca228c11c4de1cc96866a54d
      size: 93598
    - path: src/split_data.py
      md5: 9304d0a90072a954dc88d7714428ec17
      size: 1246
    outs:
    - path: data/processed/test_winequality.csv
      md5: d0a8e8b00644017bd13c3463a1080f7d
      size: 74895
    - path: data/processed/train_winequality.csv
      md5: 36767dbb9d68e2eb8006783b941c734e
      size: 18849
  train_and_evaluate:
    cmd: python src/train_and_evaluate.py --config=params.yaml
    deps:
    - path: data/processed/test_winequality.csv
      md5: d0a8e8b00644017bd13c3463a1080f7d
      size: 74895
    - path: data/processed/train_winequality.csv
      md5: 36767dbb9d68e2eb8006783b941c734e
      size: 18849
    - path: src/train_and_evaluate.py
      md5: 08aa7771eaf57293b22f93255a4aca5b
      size: 2513
    params:
      params.yaml:
        estimators.ElasticNet.params.alpha: 0.95
        estimators.ElasticNet.params.l1_ratio: 0.55
    outs:
    - path: report/params.json
      md5: 6be61f8988bf6bab7aabb602d9280453
      size: 46
    - path: report/scores.json
      md5: a1ddb00941c97b4eb6911a9ad02c005c
      size: 60
    - path: saved_models/model.joblib
      md5: 3dd664c35e69ee03c8e2cfde67ebdd76
      size: 798
