schema: '2.0'
stages:
  load_data:
    cmd: python src/load_data.py --config=params.yaml
    deps:
    - path: data_given/winequality.csv
      md5: ccc8d3507eb151f53f760d36abdef888
      size: 91998
    - path: src/get_data.py
      md5: 9e661f910ffdfe8885660ec764b62b1b
      size: 674
    - path: src/load_data.py
      md5: 73d7811e2e4e47db1e40b4d2f19d26e0
      size: 750
    outs:
    - path: data/raw/winequality.csv
      md5: d98e8f2eca228c11c4de1cc96866a54d
      size: 93598
