schema: '2.0'
stages:
  load_data:
    cmd: python src/load_data.py --config=params.yaml
    deps:
    - path: data_given/winequality.csv
      md5: ccc8d3507eb151f53f760d36abdef888
      size: 91998
    - path: src/get_data.py
      md5: 9e661f910ffdfe8885660ec764b62b1b
      size: 674
    - path: src/load_data.py
      md5: c486eec1dea5241e8f267e248d54b0b5
      size: 728
    outs:
    - path: data/raw/winequality.csv
      md5: d98e8f2eca228c11c4de1cc96866a54d
      size: 93598
  split_data:
    cmd: python src/split_data.py --config=params.yaml
    deps:
    - path: data/raw/winequality.csv
      md5: d98e8f2eca228c11c4de1cc96866a54d
      size: 93598
    - path: src/split_data.py
      md5: 9304d0a90072a954dc88d7714428ec17
      size: 1246
    outs:
    - path: data/processed/test_winequality.csv
      md5: d0a8e8b00644017bd13c3463a1080f7d
      size: 74895
    - path: data/processed/train_winequality.csv
      md5: 36767dbb9d68e2eb8006783b941c734e
      size: 18849
  train_and_evaluate:
    cmd: python src/train_and_evaluate.py --config=params.yaml
    deps:
    - path: data/processed/test_winequality.csv
      md5: d0a8e8b00644017bd13c3463a1080f7d
      size: 74895
    - path: data/processed/train_winequality.csv
      md5: 36767dbb9d68e2eb8006783b941c734e
      size: 18849
    - path: src/train_and_evaluate.py
      md5: 4c648c83c19741d9ce83c44926dbf116
      size: 2639
    params:
      params.yaml:
        estimators.ElasticNet.params.alpha: 0.88
        estimators.ElasticNet.params.l1_ratio: 0.89
    outs:
    - path: report/params.json
      md5: 0568f34313ba7c5e55128b75dbcbee5c
      size: 46
    - path: report/scores.json
      md5: faf21fcceb7fd4ee289b182979b95a21
      size: 95
    - path: saved_models/model.joblib
      md5: ee8a2c4736fa52861522752a9dd14748
      size: 798
